
Microsoft Visual Studio Solution File, Format Version 12.00
# Visual Studio Version 17
VisualStudioVersion = 17.5.002.0
MinimumVisualStudioVersion = 10.0.40219.1
Project("{9A19103F-16F7-4668-BE54-9A1E7A4F7556}") = "TP_POO_a23553", "TP_POO_a23553.csproj", "{FB21CB4C-9DF8-4006-8E8B-D2FAD36E938F}"
EndProject
Global
	GlobalSection(SolutionConfigurationPlatforms) = preSolution
		Debug|Any CPU = Debug|Any CPU
		Release|Any CPU = Release|Any CPU
	EndGlobalSection
	GlobalSection(ProjectConfigurationPlatforms) = postSolution
		{FB21CB4C-9DF8-4006-8E8B-D2FAD36E938F}.Debug|Any CPU.ActiveCfg = Debug|Any CPU
		{FB21CB4C-9DF8-4006-8E8B-D2FAD36E938F}.Debug|Any CPU.Build.0 = Debug|Any CPU
		{FB21CB4C-9DF8-4006-8E8B-D2FAD36E938F}.Release|Any CPU.ActiveCfg = Release|Any CPU
		{FB21CB4C-9DF8-4006-8E8B-D2FAD36E938F}.Release|Any CPU.Build.0 = Release|Any CPU
	EndGlobalSection
	GlobalSection(SolutionProperties) = preSolution
		HideSolutionNode = FALSE
	EndGlobalSection
	GlobalSection(ExtensibilityGlobals) = postSolution
		SolutionGuid = {C0B37BBC-5080-4F41-85D6-31E78E039C3B}
	EndGlobalSection
EndGlobal
